{
  "name": "instructree",
  "version": "0.17.0",
  "lockfileVersion": 3,
  "requires": true,
  "packages": {
    "": {
      "name": "instructree",
      "version": "0.17.0",
      "license": "MIT",
      "bin": {
        "instructree": "bin/instructree.js"
      },
      "engines": {
        "node": ">=20"
      }
    }
  }
}
